// !$*UTF8*$!
{
	archiveVersion = 1;
	classes = {
	};
	objectVersion = 56;
	objects = {

/* Begin PBXBuildFile section */
		5D4869F32AD6E3AD0093626D /* RemoteImage.swift in Sources */ = {isa = PBXBuildFile; fileRef = 5D4869F22AD6E3AD0093626D /* RemoteImage.swift */; };
		5D486A022AD6F1BA0093626D /* AppetizerDetailView.swift in Sources */ = {isa = PBXBuildFile; fileRef = 5D486A012AD6F1BA0093626D /* AppetizerDetailView.swift */; };
		5D486A052AD7E8570093626D /* ApButton.swift in Sources */ = {isa = PBXBuildFile; fileRef = 5D486A042AD7E8570093626D /* ApButton.swift */; };
		5D9A06332AE7D0D800A5BEC6 /* AccountViewModel.swift in Sources */ = {isa = PBXBuildFile; fileRef = 5D9A06322AE7D0D800A5BEC6 /* AccountViewModel.swift */; };
		5D9A06352AE7D90B00A5BEC6 /* String+Ext.swift in Sources */ = {isa = PBXBuildFile; fileRef = 5D9A06342AE7D90B00A5BEC6 /* String+Ext.swift */; };
		5D9A06382AE7F9AF00A5BEC6 /* NetworkManagerProtocol.swift in Sources */ = {isa = PBXBuildFile; fileRef = 5D9A06372AE7F9AF00A5BEC6 /* NetworkManagerProtocol.swift */; };
		5D9A063E2AE8504700A5BEC6 /* User.swift in Sources */ = {isa = PBXBuildFile; fileRef = 5D9A063D2AE8504700A5BEC6 /* User.swift */; };
		5D9A06402AE8566600A5BEC6 /* OrderView.swift in Sources */ = {isa = PBXBuildFile; fileRef = 5D9A063F2AE8566600A5BEC6 /* OrderView.swift */; };
		5DDED5992AD6A153004E3B64 /* AppetizerListCell.swift in Sources */ = {isa = PBXBuildFile; fileRef = 5DDED5982AD6A153004E3B64 /* AppetizerListCell.swift */; };
		5DDED59B2AD6A325004E3B64 /* NetworkManager.swift in Sources */ = {isa = PBXBuildFile; fileRef = 5DDED59A2AD6A325004E3B64 /* NetworkManager.swift */; };
		5DDED59D2AD6A5D2004E3B64 /* APError.swift in Sources */ = {isa = PBXBuildFile; fileRef = 5DDED59C2AD6A5D2004E3B64 /* APError.swift */; };
		5DDED59F2AD6B32F004E3B64 /* AppetizerListViewModel.swift in Sources */ = {isa = PBXBuildFile; fileRef = 5DDED59E2AD6B32F004E3B64 /* AppetizerListViewModel.swift */; };
		5DDED5A12AD6BE1F004E3B64 /* Alert.swift in Sources */ = {isa = PBXBuildFile; fileRef = 5DDED5A02AD6BE1F004E3B64 /* Alert.swift */; };
		5DDED5A32AD6C292004E3B64 /* LoadingView.swift in Sources */ = {isa = PBXBuildFile; fileRef = 5DDED5A22AD6C292004E3B64 /* LoadingView.swift */; };
		5DDED5A52AD6C35E004E3B64 /* Color+Extension.swift in Sources */ = {isa = PBXBuildFile; fileRef = 5DDED5A42AD6C35E004E3B64 /* Color+Extension.swift */; };
		5DDF9B5F2ADE873B000DB7FB /* XDismissButton.swift in Sources */ = {isa = PBXBuildFile; fileRef = 5DDF9B5E2ADE873B000DB7FB /* XDismissButton.swift */; };
		5DFFF41C2AD56B5700368677 /* AppetizersApp.swift in Sources */ = {isa = PBXBuildFile; fileRef = 5DFFF41B2AD56B5700368677 /* AppetizersApp.swift */; };
		5DFFF41E2AD56B5700368677 /* AppetizerTabView.swift in Sources */ = {isa = PBXBuildFile; fileRef = 5DFFF41D2AD56B5700368677 /* AppetizerTabView.swift */; };
		5DFFF4202AD56B5900368677 /* Assets.xcassets in Resources */ = {isa = PBXBuildFile; fileRef = 5DFFF41F2AD56B5900368677 /* Assets.xcassets */; };
		5DFFF4232AD56B5900368677 /* Preview Assets.xcassets in Resources */ = {isa = PBXBuildFile; fileRef = 5DFFF4222AD56B5900368677 /* Preview Assets.xcassets */; };
		5DFFF42A2AD56DC800368677 /* AppetizerListView.swift in Sources */ = {isa = PBXBuildFile; fileRef = 5DFFF4292AD56DC800368677 /* AppetizerListView.swift */; };
		5DFFF42C2AD56DE000368677 /* AccountView.swift in Sources */ = {isa = PBXBuildFile; fileRef = 5DFFF42B2AD56DE000368677 /* AccountView.swift */; };
		5DFFF4312AD5788500368677 /* Appetizer.swift in Sources */ = {isa = PBXBuildFile; fileRef = 5DFFF4302AD5788500368677 /* Appetizer.swift */; };
/* End PBXBuildFile section */

/* Begin PBXFileReference section */
		5D4869F22AD6E3AD0093626D /* RemoteImage.swift */ = {isa = PBXFileReference; lastKnownFileType = sourcecode.swift; path = RemoteImage.swift; sourceTree = "<group>"; };
		5D486A012AD6F1BA0093626D /* AppetizerDetailView.swift */ = {isa = PBXFileReference; lastKnownFileType = sourcecode.swift; path = AppetizerDetailView.swift; sourceTree = "<group>"; };
		5D486A042AD7E8570093626D /* ApButton.swift */ = {isa = PBXFileReference; lastKnownFileType = sourcecode.swift; path = ApButton.swift; sourceTree = "<group>"; };
		5D9A06322AE7D0D800A5BEC6 /* AccountViewModel.swift */ = {isa = PBXFileReference; lastKnownFileType = sourcecode.swift; path = AccountViewModel.swift; sourceTree = "<group>"; };
		5D9A06342AE7D90B00A5BEC6 /* String+Ext.swift */ = {isa = PBXFileReference; lastKnownFileType = sourcecode.swift; path = "String+Ext.swift"; sourceTree = "<group>"; };
		5D9A06372AE7F9AF00A5BEC6 /* NetworkManagerProtocol.swift */ = {isa = PBXFileReference; lastKnownFileType = sourcecode.swift; path = NetworkManagerProtocol.swift; sourceTree = "<group>"; };
		5D9A063D2AE8504700A5BEC6 /* User.swift */ = {isa = PBXFileReference; lastKnownFileType = sourcecode.swift; path = User.swift; sourceTree = "<group>"; };
		5D9A063F2AE8566600A5BEC6 /* OrderView.swift */ = {isa = PBXFileReference; lastKnownFileType = sourcecode.swift; path = OrderView.swift; sourceTree = "<group>"; };
		5DDED5982AD6A153004E3B64 /* AppetizerListCell.swift */ = {isa = PBXFileReference; lastKnownFileType = sourcecode.swift; path = AppetizerListCell.swift; sourceTree = "<group>"; };
		5DDED59A2AD6A325004E3B64 /* NetworkManager.swift */ = {isa = PBXFileReference; lastKnownFileType = sourcecode.swift; path = NetworkManager.swift; sourceTree = "<group>"; };
		5DDED59C2AD6A5D2004E3B64 /* APError.swift */ = {isa = PBXFileReference; lastKnownFileType = sourcecode.swift; path = APError.swift; sourceTree = "<group>"; };
		5DDED59E2AD6B32F004E3B64 /* AppetizerListViewModel.swift */ = {isa = PBXFileReference; lastKnownFileType = sourcecode.swift; path = AppetizerListViewModel.swift; sourceTree = "<group>"; };
		5DDED5A02AD6BE1F004E3B64 /* Alert.swift */ = {isa = PBXFileReference; lastKnownFileType = sourcecode.swift; path = Alert.swift; sourceTree = "<group>"; };
		5DDED5A22AD6C292004E3B64 /* LoadingView.swift */ = {isa = PBXFileReference; lastKnownFileType = sourcecode.swift; path = LoadingView.swift; sourceTree = "<group>"; };
		5DDED5A42AD6C35E004E3B64 /* Color+Extension.swift */ = {isa = PBXFileReference; lastKnownFileType = sourcecode.swift; path = "Color+Extension.swift"; sourceTree = "<group>"; };
		5DDF9B5E2ADE873B000DB7FB /* XDismissButton.swift */ = {isa = PBXFileReference; lastKnownFileType = sourcecode.swift; path = XDismissButton.swift; sourceTree = "<group>"; };
		5DFFF4182AD56B5700368677 /* Appetizers.app */ = {isa = PBXFileReference; explicitFileType = wrapper.application; includeInIndex = 0; path = Appetizers.app; sourceTree = BUILT_PRODUCTS_DIR; };
		5DFFF41B2AD56B5700368677 /* AppetizersApp.swift */ = {isa = PBXFileReference; lastKnownFileType = sourcecode.swift; path = AppetizersApp.swift; sourceTree = "<group>"; };
		5DFFF41D2AD56B5700368677 /* AppetizerTabView.swift */ = {isa = PBXFileReference; lastKnownFileType = sourcecode.swift; path = AppetizerTabView.swift; sourceTree = "<group>"; };
		5DFFF41F2AD56B5900368677 /* Assets.xcassets */ = {isa = PBXFileReference; lastKnownFileType = folder.assetcatalog; path = Assets.xcassets; sourceTree = "<group>"; };
		5DFFF4222AD56B5900368677 /* Preview Assets.xcassets */ = {isa = PBXFileReference; lastKnownFileType = folder.assetcatalog; path = "Preview Assets.xcassets"; sourceTree = "<group>"; };
		5DFFF4292AD56DC800368677 /* AppetizerListView.swift */ = {isa = PBXFileReference; lastKnownFileType = sourcecode.swift; path = AppetizerListView.swift; sourceTree = "<group>"; };
		5DFFF42B2AD56DE000368677 /* AccountView.swift */ = {isa = PBXFileReference; lastKnownFileType = sourcecode.swift; path = AccountView.swift; sourceTree = "<group>"; };
		5DFFF4302AD5788500368677 /* Appetizer.swift */ = {isa = PBXFileReference; lastKnownFileType = sourcecode.swift; path = Appetizer.swift; sourceTree = "<group>"; };
/* End PBXFileReference section */

/* Begin PBXFrameworksBuildPhase section */
		5DFFF4152AD56B5700368677 /* Frameworks */ = {
			isa = PBXFrameworksBuildPhase;
			buildActionMask = 2147483647;
			files = (
			);
			runOnlyForDeploymentPostprocessing = 0;
		};
/* End PBXFrameworksBuildPhase section */

/* Begin PBXGroup section */
		5D4869F42AD6EBBE0093626D /* AppetizerListView */ = {
			isa = PBXGroup;
			children = (
				5DDED59E2AD6B32F004E3B64 /* AppetizerListViewModel.swift */,
				5DFFF4292AD56DC800368677 /* AppetizerListView.swift */,
				5D486A012AD6F1BA0093626D /* AppetizerDetailView.swift */,
			);
			path = AppetizerListView;
			sourceTree = "<group>";
		};
		5D4869F62AD6EC320093626D /* AccountView */ = {
			isa = PBXGroup;
			children = (
				5D9A06322AE7D0D800A5BEC6 /* AccountViewModel.swift */,
				5DFFF42B2AD56DE000368677 /* AccountView.swift */,
			);
			path = AccountView;
			sourceTree = "<group>";
		};
		5D4869F72AD6EC410093626D /* OrderView */ = {
			isa = PBXGroup;
			children = (
				5D9A063F2AE8566600A5BEC6 /* OrderView.swift */,
			);
			path = OrderView;
			sourceTree = "<group>";
		};
		5D4869F82AD6F0000093626D /* Utilities */ = {
			isa = PBXGroup;
			children = (
				5D4869FB2AD6F0220093626D /* Alert */,
				5D4869FA2AD6F00C0093626D /* Extensions */,
				5D4869F92AD6F0060093626D /* Managers */,
			);
			path = Utilities;
			sourceTree = "<group>";
		};
		5D4869F92AD6F0060093626D /* Managers */ = {
			isa = PBXGroup;
			children = (
				5DDED59A2AD6A325004E3B64 /* NetworkManager.swift */,
			);
			path = Managers;
			sourceTree = "<group>";
		};
		5D4869FA2AD6F00C0093626D /* Extensions */ = {
			isa = PBXGroup;
			children = (
				5DDED5A42AD6C35E004E3B64 /* Color+Extension.swift */,
				5D9A06342AE7D90B00A5BEC6 /* String+Ext.swift */,
			);
			path = Extensions;
			sourceTree = "<group>";
		};
		5D4869FB2AD6F0220093626D /* Alert */ = {
			isa = PBXGroup;
			children = (
				5DDED59C2AD6A5D2004E3B64 /* APError.swift */,
				5DDED5A02AD6BE1F004E3B64 /* Alert.swift */,
			);
			path = Alert;
			sourceTree = "<group>";
		};
		5D4869FC2AD6F03F0093626D /* Model */ = {
			isa = PBXGroup;
			children = (
				5DFFF4302AD5788500368677 /* Appetizer.swift */,
				5D9A063D2AE8504700A5BEC6 /* User.swift */,
			);
			path = Model;
			sourceTree = "<group>";
		};
		5D4869FD2AD6F0580093626D /* Views */ = {
			isa = PBXGroup;
			children = (
				5D486A032AD7E8410093626D /* Buttons */,
				5D4869FE2AD6F06A0093626D /* UIKit Components */,
				5D486A002AD6F0770093626D /* Image */,
				5D4869FF2AD6F0720093626D /* Cells */,
			);
			path = Views;
			sourceTree = "<group>";
		};
		5D4869FE2AD6F06A0093626D /* UIKit Components */ = {
			isa = PBXGroup;
			children = (
				5DDED5A22AD6C292004E3B64 /* LoadingView.swift */,
			);
			path = "UIKit Components";
			sourceTree = "<group>";
		};
		5D4869FF2AD6F0720093626D /* Cells */ = {
			isa = PBXGroup;
			children = (
				5DDED5982AD6A153004E3B64 /* AppetizerListCell.swift */,
			);
			path = Cells;
			sourceTree = "<group>";
		};
		5D486A002AD6F0770093626D /* Image */ = {
			isa = PBXGroup;
			children = (
				5D4869F22AD6E3AD0093626D /* RemoteImage.swift */,
			);
			path = Image;
			sourceTree = "<group>";
		};
		5D486A032AD7E8410093626D /* Buttons */ = {
			isa = PBXGroup;
			children = (
				5D486A042AD7E8570093626D /* ApButton.swift */,
				5DDF9B5E2ADE873B000DB7FB /* XDismissButton.swift */,
			);
			path = Buttons;
			sourceTree = "<group>";
		};
		5D9A06362AE7F99A00A5BEC6 /* Protocols */ = {
			isa = PBXGroup;
			children = (
				5D9A06372AE7F9AF00A5BEC6 /* NetworkManagerProtocol.swift */,
			);
			path = Protocols;
			sourceTree = "<group>";
		};
		5DFFF40F2AD56B5700368677 = {
			isa = PBXGroup;
			children = (
				5DFFF41A2AD56B5700368677 /* Appetizers */,
				5DFFF4192AD56B5700368677 /* Products */,
			);
			sourceTree = "<group>";
		};
		5DFFF4192AD56B5700368677 /* Products */ = {
			isa = PBXGroup;
			children = (
				5DFFF4182AD56B5700368677 /* Appetizers.app */,
			);
			name = Products;
			sourceTree = "<group>";
		};
		5DFFF41A2AD56B5700368677 /* Appetizers */ = {
			isa = PBXGroup;
			children = (
				5D9A06362AE7F99A00A5BEC6 /* Protocols */,
				5D4869FC2AD6F03F0093626D /* Model */,
				5D4869F82AD6F0000093626D /* Utilities */,
				5DFFF42F2AD5765100368677 /* Screens */,
				5D4869FD2AD6F0580093626D /* Views */,
				5DFFF41B2AD56B5700368677 /* AppetizersApp.swift */,
				5DFFF41F2AD56B5900368677 /* Assets.xcassets */,
				5DFFF4212AD56B5900368677 /* Preview Content */,
			);
			path = Appetizers;
			sourceTree = "<group>";
		};
		5DFFF4212AD56B5900368677 /* Preview Content */ = {
			isa = PBXGroup;
			children = (
				5DFFF4222AD56B5900368677 /* Preview Assets.xcassets */,
			);
			path = "Preview Content";
			sourceTree = "<group>";
		};
		5DFFF42F2AD5765100368677 /* Screens */ = {
			isa = PBXGroup;
			children = (
				5DFFF41D2AD56B5700368677 /* AppetizerTabView.swift */,
				5D4869F72AD6EC410093626D /* OrderView */,
				5D4869F62AD6EC320093626D /* AccountView */,
				5D4869F42AD6EBBE0093626D /* AppetizerListView */,
			);
			path = Screens;
			sourceTree = "<group>";
		};
/* End PBXGroup section */

/* Begin PBXNativeTarget section */
		5DFFF4172AD56B5700368677 /* Appetizers */ = {
			isa = PBXNativeTarget;
			buildConfigurationList = 5DFFF4262AD56B5900368677 /* Build configuration list for PBXNativeTarget "Appetizers" */;
			buildPhases = (
				5DFFF4142AD56B5700368677 /* Sources */,
				5DFFF4152AD56B5700368677 /* Frameworks */,
				5DFFF4162AD56B5700368677 /* Resources */,
			);
			buildRules = (
			);
			dependencies = (
			);
			name = Appetizers;
			productName = Appetizers;
			productReference = 5DFFF4182AD56B5700368677 /* Appetizers.app */;
			productType = "com.apple.product-type.application";
		};
/* End PBXNativeTarget section */

/* Begin PBXProject section */
		5DFFF4102AD56B5700368677 /* Project object */ = {
			isa = PBXProject;
			attributes = {
				BuildIndependentTargetsInParallel = 1;
				LastSwiftUpdateCheck = 1500;
				LastUpgradeCheck = 1500;
				TargetAttributes = {
					5DFFF4172AD56B5700368677 = {
						CreatedOnToolsVersion = 15.0;
					};
				};
			};
			buildConfigurationList = 5DFFF4132AD56B5700368677 /* Build configuration list for PBXProject "Appetizers" */;
			compatibilityVersion = "Xcode 14.0";
			developmentRegion = en;
			hasScannedForEncodings = 0;
			knownRegions = (
				en,
				Base,
			);
			mainGroup = 5DFFF40F2AD56B5700368677;
			productRefGroup = 5DFFF4192AD56B5700368677 /* Products */;
			projectDirPath = "";
			projectRoot = "";
			targets = (
				5DFFF4172AD56B5700368677 /* Appetizers */,
			);
		};
/* End PBXProject section */

/* Begin PBXResourcesBuildPhase section */
		5DFFF4162AD56B5700368677 /* Resources */ = {
			isa = PBXResourcesBuildPhase;
			buildActionMask = 2147483647;
			files = (
				5DFFF4232AD56B5900368677 /* Preview Assets.xcassets in Resources */,
				5DFFF4202AD56B5900368677 /* Assets.xcassets in Resources */,
			);
			runOnlyForDeploymentPostprocessing = 0;
		};
/* End PBXResourcesBuildPhase section */

/* Begin PBXSourcesBuildPhase section */
		5DFFF4142AD56B5700368677 /* Sources */ = {
			isa = PBXSourcesBuildPhase;
			buildActionMask = 2147483647;
			files = (
				5DFFF4312AD5788500368677 /* Appetizer.swift in Sources */,
				5DDED59D2AD6A5D2004E3B64 /* APError.swift in Sources */,
				5DDF9B5F2ADE873B000DB7FB /* XDismissButton.swift in Sources */,
				5DDED5992AD6A153004E3B64 /* AppetizerListCell.swift in Sources */,
				5D9A06332AE7D0D800A5BEC6 /* AccountViewModel.swift in Sources */,
				5DDED59F2AD6B32F004E3B64 /* AppetizerListViewModel.swift in Sources */,
				5DFFF42C2AD56DE000368677 /* AccountView.swift in Sources */,
				5DDED5A32AD6C292004E3B64 /* LoadingView.swift in Sources */,
				5DFFF41E2AD56B5700368677 /* AppetizerTabView.swift in Sources */,
				5DDED59B2AD6A325004E3B64 /* NetworkManager.swift in Sources */,
				5DFFF41C2AD56B5700368677 /* AppetizersApp.swift in Sources */,
				5D4869F32AD6E3AD0093626D /* RemoteImage.swift in Sources */,
				5D486A052AD7E8570093626D /* ApButton.swift in Sources */,
				5D9A06352AE7D90B00A5BEC6 /* String+Ext.swift in Sources */,
				5D486A022AD6F1BA0093626D /* AppetizerDetailView.swift in Sources */,
				5DDED5A12AD6BE1F004E3B64 /* Alert.swift in Sources */,
				5DFFF42A2AD56DC800368677 /* AppetizerListView.swift in Sources */,
				5D9A06382AE7F9AF00A5BEC6 /* NetworkManagerProtocol.swift in Sources */,
				5D9A06402AE8566600A5BEC6 /* OrderView.swift in Sources */,
				5DDED5A52AD6C35E004E3B64 /* Color+Extension.swift in Sources */,
				5D9A063E2AE8504700A5BEC6 /* User.swift in Sources */,
			);
			runOnlyForDeploymentPostprocessing = 0;
		};
/* End PBXSourcesBuildPhase section */

/* Begin XCBuildConfiguration section */
		5DFFF4242AD56B5900368677 /* Debug */ = {
			isa = XCBuildConfiguration;
			buildSettings = {
				ALWAYS_SEARCH_USER_PATHS = NO;
				ASSETCATALOG_COMPILER_GENERATE_SWIFT_ASSET_SYMBOL_EXTENSIONS = YES;
				CLANG_ANALYZER_NONNULL = YES;
				CLANG_ANALYZER_NUMBER_OBJECT_CONVERSION = YES_AGGRESSIVE;
				CLANG_CXX_LANGUAGE_STANDARD = "gnu++20";
				CLANG_ENABLE_MODULES = YES;
				CLANG_ENABLE_OBJC_ARC = YES;
				CLANG_ENABLE_OBJC_WEAK = YES;
				CLANG_WARN_BLOCK_CAPTURE_AUTORELEASING = YES;
				CLANG_WARN_BOOL_CONVERSION = YES;
				CLANG_WARN_COMMA = YES;
				CLANG_WARN_CONSTANT_CONVERSION = YES;
				CLANG_WARN_DEPRECATED_OBJC_IMPLEMENTATIONS = YES;
				CLANG_WARN_DIRECT_OBJC_ISA_USAGE = YES_ERROR;
				CLANG_WARN_DOCUMENTATION_COMMENTS = YES;
				CLANG_WARN_EMPTY_BODY = YES;
				CLANG_WARN_ENUM_CONVERSION = YES;
				CLANG_WARN_INFINITE_RECURSION = YES;
				CLANG_WARN_INT_CONVERSION = YES;
				CLANG_WARN_NON_LITERAL_NULL_CONVERSION = YES;
				CLANG_WARN_OBJC_IMPLICIT_RETAIN_SELF = YES;
				CLANG_WARN_OBJC_LITERAL_CONVERSION = YES;
				CLANG_WARN_OBJC_ROOT_CLASS = YES_ERROR;
				CLANG_WARN_QUOTED_INCLUDE_IN_FRAMEWORK_HEADER = YES;
				CLANG_WARN_RANGE_LOOP_ANALYSIS = YES;
				CLANG_WARN_STRICT_PROTOTYPES = YES;
				CLANG_WARN_SUSPICIOUS_MOVE = YES;
				CLANG_WARN_UNGUARDED_AVAILABILITY = YES_AGGRESSIVE;
				CLANG_WARN_UNREACHABLE_CODE = YES;
				CLANG_WARN__DUPLICATE_METHOD_MATCH = YES;
				COPY_PHASE_STRIP = NO;
				DEBUG_INFORMATION_FORMAT = dwarf;
				ENABLE_STRICT_OBJC_MSGSEND = YES;
				ENABLE_TESTABILITY = YES;
				ENABLE_USER_SCRIPT_SANDBOXING = YES;
				GCC_C_LANGUAGE_STANDARD = gnu17;
				GCC_DYNAMIC_NO_PIC = NO;
				GCC_NO_COMMON_BLOCKS = YES;
				GCC_OPTIMIZATION_LEVEL = 0;
				GCC_PREPROCESSOR_DEFINITIONS = (
					"DEBUG=1",
					"$(inherited)",
				);
				GCC_WARN_64_TO_32_BIT_CONVERSION = YES;
				GCC_WARN_ABOUT_RETURN_TYPE = YES_ERROR;
				GCC_WARN_UNDECLARED_SELECTOR = YES;
				GCC_WARN_UNINITIALIZED_AUTOS = YES_AGGRESSIVE;
				GCC_WARN_UNUSED_FUNCTION = YES;
				GCC_WARN_UNUSED_VARIABLE = YES;
				IPHONEOS_DEPLOYMENT_TARGET = 17.0;
				LOCALIZATION_PREFERS_STRING_CATALOGS = YES;
				MTL_ENABLE_DEBUG_INFO = INCLUDE_SOURCE;
				MTL_FAST_MATH = YES;
				ONLY_ACTIVE_ARCH = YES;
				SDKROOT = iphoneos;
				SWIFT_ACTIVE_COMPILATION_CONDITIONS = "DEBUG $(inherited)";
				SWIFT_OPTIMIZATION_LEVEL = "-Onone";
			};
			name = Debug;
		};
		5DFFF4252AD56B5900368677 /* Release */ = {
			isa = XCBuildConfiguration;
			buildSettings = {
				ALWAYS_SEARCH_USER_PATHS = NO;
				ASSETCATALOG_COMPILER_GENERATE_SWIFT_ASSET_SYMBOL_EXTENSIONS = YES;
				CLANG_ANALYZER_NONNULL = YES;
				CLANG_ANALYZER_NUMBER_OBJECT_CONVERSION = YES_AGGRESSIVE;
				CLANG_CXX_LANGUAGE_STANDARD = "gnu++20";
				CLANG_ENABLE_MODULES = YES;
				CLANG_ENABLE_OBJC_ARC = YES;
				CLANG_ENABLE_OBJC_WEAK = YES;
				CLANG_WARN_BLOCK_CAPTURE_AUTORELEASING = YES;
				CLANG_WARN_BOOL_CONVERSION = YES;
				CLANG_WARN_COMMA = YES;
				CLANG_WARN_CONSTANT_CONVERSION = YES;
				CLANG_WARN_DEPRECATED_OBJC_IMPLEMENTATIONS = YES;
				CLANG_WARN_DIRECT_OBJC_ISA_USAGE = YES_ERROR;
				CLANG_WARN_DOCUMENTATION_COMMENTS = YES;
				CLANG_WARN_EMPTY_BODY = YES;
				CLANG_WARN_ENUM_CONVERSION = YES;
				CLANG_WARN_INFINITE_RECURSION = YES;
				CLANG_WARN_INT_CONVERSION = YES;
				CLANG_WARN_NON_LITERAL_NULL_CONVERSION = YES;
				CLANG_WARN_OBJC_IMPLICIT_RETAIN_SELF = YES;
				CLANG_WARN_OBJC_LITERAL_CONVERSION = YES;
				CLANG_WARN_OBJC_ROOT_CLASS = YES_ERROR;
				CLANG_WARN_QUOTED_INCLUDE_IN_FRAMEWORK_HEADER = YES;
				CLANG_WARN_RANGE_LOOP_ANALYSIS = YES;
				CLANG_WARN_STRICT_PROTOTYPES = YES;
				CLANG_WARN_SUSPICIOUS_MOVE = YES;
				CLANG_WARN_UNGUARDED_AVAILABILITY = YES_AGGRESSIVE;
				CLANG_WARN_UNREACHABLE_CODE = YES;
				CLANG_WARN__DUPLICATE_METHOD_MATCH = YES;
				COPY_PHASE_STRIP = NO;
				DEBUG_INFORMATION_FORMAT = "dwarf-with-dsym";
				ENABLE_NS_ASSERTIONS = NO;
				ENABLE_STRICT_OBJC_MSGSEND = YES;
				ENABLE_USER_SCRIPT_SANDBOXING = YES;
				GCC_C_LANGUAGE_STANDARD = gnu17;
				GCC_NO_COMMON_BLOCKS = YES;
				GCC_WARN_64_TO_32_BIT_CONVERSION = YES;
				GCC_WARN_ABOUT_RETURN_TYPE = YES_ERROR;
				GCC_WARN_UNDECLARED_SELECTOR = YES;
				GCC_WARN_UNINITIALIZED_AUTOS = YES_AGGRESSIVE;
				GCC_WARN_UNUSED_FUNCTION = YES;
				GCC_WARN_UNUSED_VARIABLE = YES;
				IPHONEOS_DEPLOYMENT_TARGET = 17.0;
				LOCALIZATION_PREFERS_STRING_CATALOGS = YES;
				MTL_ENABLE_DEBUG_INFO = NO;
				MTL_FAST_MATH = YES;
				SDKROOT = iphoneos;
				SWIFT_COMPILATION_MODE = wholemodule;
				VALIDATE_PRODUCT = YES;
			};
			name = Release;
		};
		5DFFF4272AD56B5900368677 /* Debug */ = {
			isa = XCBuildConfiguration;
			buildSettings = {
				ASSETCATALOG_COMPILER_APPICON_NAME = AppIcon;
				ASSETCATALOG_COMPILER_GLOBAL_ACCENT_COLOR_NAME = AccentColor;
				CODE_SIGN_STYLE = Automatic;
				CURRENT_PROJECT_VERSION = 1;
				DEVELOPMENT_ASSET_PATHS = "\"Appetizers/Preview Content\"";
				DEVELOPMENT_TEAM = 2Y4R836VWC;
				ENABLE_PREVIEWS = YES;
				GENERATE_INFOPLIST_FILE = YES;
				INFOPLIST_KEY_UIApplicationSceneManifest_Generation = YES;
				INFOPLIST_KEY_UIApplicationSupportsIndirectInputEvents = YES;
				INFOPLIST_KEY_UILaunchScreen_Generation = YES;
				INFOPLIST_KEY_UISupportedInterfaceOrientations_iPad = "UIInterfaceOrientationPortrait UIInterfaceOrientationPortraitUpsideDown UIInterfaceOrientationLandscapeLeft UIInterfaceOrientationLandscapeRight";
				INFOPLIST_KEY_UISupportedInterfaceOrientations_iPhone = "UIInterfaceOrientationPortrait UIInterfaceOrientationLandscapeLeft UIInterfaceOrientationLandscapeRight";
				LD_RUNPATH_SEARCH_PATHS = (
					"$(inherited)",
					"@executable_path/Frameworks",
				);
				MARKETING_VERSION = 1.0;
				PRODUCT_BUNDLE_IDENTIFIER = vicgri.appetizers.Appetizers;
				PRODUCT_NAME = "$(TARGET_NAME)";
				SWIFT_EMIT_LOC_STRINGS = YES;
				SWIFT_VERSION = 5.0;
				TARGETED_DEVICE_FAMILY = "1,2";
			};
			name = Debug;
		};
		5DFFF4282AD56B5900368677 /* Release */ = {
			isa = XCBuildConfiguration;
			buildSettings = {
				ASSETCATALOG_COMPILER_APPICON_NAME = AppIcon;
				ASSETCATALOG_COMPILER_GLOBAL_ACCENT_COLOR_NAME = AccentColor;
				CODE_SIGN_STYLE = Automatic;
				CURRENT_PROJECT_VERSION = 1;
				DEVELOPMENT_ASSET_PATHS = "\"Appetizers/Preview Content\"";
				DEVELOPMENT_TEAM = 2Y4R836VWC;
				ENABLE_PREVIEWS = YES;
				GENERATE_INFOPLIST_FILE = YES;
				INFOPLIST_KEY_UIApplicationSceneManifest_Generation = YES;
				INFOPLIST_KEY_UIApplicationSupportsIndirectInputEvents = YES;
				INFOPLIST_KEY_UILaunchScreen_Generation = YES;
				INFOPLIST_KEY_UISupportedInterfaceOrientations_iPad = "UIInterfaceOrientationPortrait UIInterfaceOrientationPortraitUpsideDown UIInterfaceOrientationLandscapeLeft UIInterfaceOrientationLandscapeRight";
				INFOPLIST_KEY_UISupportedInterfaceOrientations_iPhone = "UIInterfaceOrientationPortrait UIInterfaceOrientationLandscapeLeft UIInterfaceOrientationLandscapeRight";
				LD_RUNPATH_SEARCH_PATHS = (
					"$(inherited)",
					"@executable_path/Frameworks",
				);
				MARKETING_VERSION = 1.0;
				PRODUCT_BUNDLE_IDENTIFIER = vicgri.appetizers.Appetizers;
				PRODUCT_NAME = "$(TARGET_NAME)";
				SWIFT_EMIT_LOC_STRINGS = YES;
				SWIFT_VERSION = 5.0;
				TARGETED_DEVICE_FAMILY = "1,2";
			};
			name = Release;
		};
/* End XCBuildConfiguration section */

/* Begin XCConfigurationList section */
		5DFFF4132AD56B5700368677 /* Build configuration list for PBXProject "Appetizers" */ = {
			isa = XCConfigurationList;
			buildConfigurations = (
				5DFFF4242AD56B5900368677 /* Debug */,
				5DFFF4252AD56B5900368677 /* Release */,
			);
			defaultConfigurationIsVisible = 0;
			defaultConfigurationName = Release;
		};
		5DFFF4262AD56B5900368677 /* Build configuration list for PBXNativeTarget "Appetizers" */ = {
			isa = XCConfigurationList;
			buildConfigurations = (
				5DFFF4272AD56B5900368677 /* Debug */,
				5DFFF4282AD56B5900368677 /* Release */,
			);
			defaultConfigurationIsVisible = 0;
			defaultConfigurationName = Release;
		};
/* End XCConfigurationList section */
	};
	rootObject = 5DFFF4102AD56B5700368677 /* Project object */;
}
